// !$*UTF8*$!
{
	archiveVersion = 1;
	classes = {
	};
	objectVersion = 51;
	objects = {

/* Begin PBXBuildFile section */
		73149B5E24F74BB9009BAEA3 /* MainCell.swift in Sources */ = {isa = PBXBuildFile; fileRef = 73149B5D24F74BB9009BAEA3 /* MainCell.swift */; };
		737BA7B4249D735800AD2BB2 /* SettingsCoordinator.swift in Sources */ = {isa = PBXBuildFile; fileRef = 737BA7AE249D735800AD2BB2 /* SettingsCoordinator.swift */; };
		737BA7B5249D735800AD2BB2 /* SettingsFactory.swift in Sources */ = {isa = PBXBuildFile; fileRef = 737BA7AF249D735800AD2BB2 /* SettingsFactory.swift */; };
		737BA7B6249D735800AD2BB2 /* SettingsPresenter.swift in Sources */ = {isa = PBXBuildFile; fileRef = 737BA7B0249D735800AD2BB2 /* SettingsPresenter.swift */; };
		737BA7B7249D735800AD2BB2 /* SettingsViewController.swift in Sources */ = {isa = PBXBuildFile; fileRef = 737BA7B1249D735800AD2BB2 /* SettingsViewController.swift */; };
		737BA7B8249D735800AD2BB2 /* SettingsViewModel.swift in Sources */ = {isa = PBXBuildFile; fileRef = 737BA7B2249D735800AD2BB2 /* SettingsViewModel.swift */; };
		737BA7B9249D735800AD2BB2 /* SettingsService.swift in Sources */ = {isa = PBXBuildFile; fileRef = 737BA7B3249D735800AD2BB2 /* SettingsService.swift */; };
		737BA7BB249D76AE00AD2BB2 /* CustomBackNavigationButton.swift in Sources */ = {isa = PBXBuildFile; fileRef = 737BA7BA249D76AE00AD2BB2 /* CustomBackNavigationButton.swift */; };
		73E7D09024A640C6006147C0 /* Andre_CustomBackButton.swift in Sources */ = {isa = PBXBuildFile; fileRef = 73E7D08F24A640C6006147C0 /* Andre_CustomBackButton.swift */; };
		73EF2CCE249B03F500F5EC10 /* AppDelegate.swift in Sources */ = {isa = PBXBuildFile; fileRef = 73EF2CCD249B03F500F5EC10 /* AppDelegate.swift */; };
		73EF2CD0249B03F500F5EC10 /* SceneDelegate.swift in Sources */ = {isa = PBXBuildFile; fileRef = 73EF2CCF249B03F500F5EC10 /* SceneDelegate.swift */; };
		73EF2CD7249B03F700F5EC10 /* Assets.xcassets in Resources */ = {isa = PBXBuildFile; fileRef = 73EF2CD6249B03F700F5EC10 /* Assets.xcassets */; };
		73EF2CDA249B03F700F5EC10 /* LaunchScreen.storyboard in Resources */ = {isa = PBXBuildFile; fileRef = 73EF2CD8249B03F700F5EC10 /* LaunchScreen.storyboard */; };
		73EF2CE5249B03F700F5EC10 /* RxAppTests.swift in Sources */ = {isa = PBXBuildFile; fileRef = 73EF2CE4249B03F700F5EC10 /* RxAppTests.swift */; };
		73EF2CF0249B03F700F5EC10 /* RxAppUITests.swift in Sources */ = {isa = PBXBuildFile; fileRef = 73EF2CEF249B03F700F5EC10 /* RxAppUITests.swift */; };
		73EF2D05249B063D00F5EC10 /* MainCoordinator.swift in Sources */ = {isa = PBXBuildFile; fileRef = 73EF2CFE249B063D00F5EC10 /* MainCoordinator.swift */; };
		73EF2D06249B063D00F5EC10 /* MainFactory.swift in Sources */ = {isa = PBXBuildFile; fileRef = 73EF2CFF249B063D00F5EC10 /* MainFactory.swift */; };
		73EF2D07249B063D00F5EC10 /* MainPresenter.swift in Sources */ = {isa = PBXBuildFile; fileRef = 73EF2D00249B063D00F5EC10 /* MainPresenter.swift */; };
		73EF2D08249B063D00F5EC10 /* MainDisplay.swift in Sources */ = {isa = PBXBuildFile; fileRef = 73EF2D01249B063D00F5EC10 /* MainDisplay.swift */; };
		73EF2D09249B063D00F5EC10 /* MainViewController.swift in Sources */ = {isa = PBXBuildFile; fileRef = 73EF2D02249B063D00F5EC10 /* MainViewController.swift */; };
		73EF2D0A249B063D00F5EC10 /* MainInteractor.swift in Sources */ = {isa = PBXBuildFile; fileRef = 73EF2D03249B063D00F5EC10 /* MainInteractor.swift */; };
		73EF2D0B249B063D00F5EC10 /* MainService.swift in Sources */ = {isa = PBXBuildFile; fileRef = 73EF2D04249B063D00F5EC10 /* MainService.swift */; };
		73EF2D0D249B076900F5EC10 /* ViewController.swift in Sources */ = {isa = PBXBuildFile; fileRef = 73EF2D0C249B076900F5EC10 /* ViewController.swift */; };
		7C8C359B0EAFACF9EB80A40B /* Pods_RxApp.framework in Frameworks */ = {isa = PBXBuildFile; fileRef = A892F91208B0AD54F1528B78 /* Pods_RxApp.framework */; };
/* End PBXBuildFile section */

/* Begin PBXContainerItemProxy section */
		73EF2CE1249B03F700F5EC10 /* PBXContainerItemProxy */ = {
			isa = PBXContainerItemProxy;
			containerPortal = 73EF2CC2249B03F500F5EC10 /* Project object */;
			proxyType = 1;
			remoteGlobalIDString = 73EF2CC9249B03F500F5EC10;
			remoteInfo = RxApp;
		};
		73EF2CEC249B03F700F5EC10 /* PBXContainerItemProxy */ = {
			isa = PBXContainerItemProxy;
			containerPortal = 73EF2CC2249B03F500F5EC10 /* Project object */;
			proxyType = 1;
			remoteGlobalIDString = 73EF2CC9249B03F500F5EC10;
			remoteInfo = RxApp;
		};
/* End PBXContainerItemProxy section */

/* Begin PBXFileReference section */
		42089B1525264F23648D7571 /* Pods-RxApp.debug.xcconfig */ = {isa = PBXFileReference; includeInIndex = 1; lastKnownFileType = text.xcconfig; name = "Pods-RxApp.debug.xcconfig"; path = "Target Support Files/Pods-RxApp/Pods-RxApp.debug.xcconfig"; sourceTree = "<group>"; };
		73149B5D24F74BB9009BAEA3 /* MainCell.swift */ = {isa = PBXFileReference; lastKnownFileType = sourcecode.swift; path = MainCell.swift; sourceTree = "<group>"; };
		737BA7AE249D735800AD2BB2 /* SettingsCoordinator.swift */ = {isa = PBXFileReference; lastKnownFileType = sourcecode.swift; path = SettingsCoordinator.swift; sourceTree = "<group>"; };
		737BA7AF249D735800AD2BB2 /* SettingsFactory.swift */ = {isa = PBXFileReference; lastKnownFileType = sourcecode.swift; path = SettingsFactory.swift; sourceTree = "<group>"; };
		737BA7B0249D735800AD2BB2 /* SettingsPresenter.swift */ = {isa = PBXFileReference; lastKnownFileType = sourcecode.swift; path = SettingsPresenter.swift; sourceTree = "<group>"; };
		737BA7B1249D735800AD2BB2 /* SettingsViewController.swift */ = {isa = PBXFileReference; lastKnownFileType = sourcecode.swift; path = SettingsViewController.swift; sourceTree = "<group>"; };
		737BA7B2249D735800AD2BB2 /* SettingsViewModel.swift */ = {isa = PBXFileReference; lastKnownFileType = sourcecode.swift; path = SettingsViewModel.swift; sourceTree = "<group>"; };
		737BA7B3249D735800AD2BB2 /* SettingsService.swift */ = {isa = PBXFileReference; lastKnownFileType = sourcecode.swift; path = SettingsService.swift; sourceTree = "<group>"; };
		737BA7BA249D76AE00AD2BB2 /* CustomBackNavigationButton.swift */ = {isa = PBXFileReference; lastKnownFileType = sourcecode.swift; path = CustomBackNavigationButton.swift; sourceTree = "<group>"; };
		73E7D08F24A640C6006147C0 /* Andre_CustomBackButton.swift */ = {isa = PBXFileReference; lastKnownFileType = sourcecode.swift; path = Andre_CustomBackButton.swift; sourceTree = "<group>"; };
		73EF2CCA249B03F500F5EC10 /* RxApp.app */ = {isa = PBXFileReference; explicitFileType = wrapper.application; includeInIndex = 0; path = RxApp.app; sourceTree = BUILT_PRODUCTS_DIR; };
		73EF2CCD249B03F500F5EC10 /* AppDelegate.swift */ = {isa = PBXFileReference; lastKnownFileType = sourcecode.swift; path = AppDelegate.swift; sourceTree = "<group>"; };
		73EF2CCF249B03F500F5EC10 /* SceneDelegate.swift */ = {isa = PBXFileReference; lastKnownFileType = sourcecode.swift; path = SceneDelegate.swift; sourceTree = "<group>"; };
		73EF2CD6249B03F700F5EC10 /* Assets.xcassets */ = {isa = PBXFileReference; lastKnownFileType = folder.assetcatalog; path = Assets.xcassets; sourceTree = "<group>"; };
		73EF2CD9249B03F700F5EC10 /* Base */ = {isa = PBXFileReference; lastKnownFileType = file.storyboard; name = Base; path = Base.lproj/LaunchScreen.storyboard; sourceTree = "<group>"; };
		73EF2CDB249B03F700F5EC10 /* Info.plist */ = {isa = PBXFileReference; lastKnownFileType = text.plist.xml; path = Info.plist; sourceTree = "<group>"; };
		73EF2CE0249B03F700F5EC10 /* RxAppTests.xctest */ = {isa = PBXFileReference; explicitFileType = wrapper.cfbundle; includeInIndex = 0; path = RxAppTests.xctest; sourceTree = BUILT_PRODUCTS_DIR; };
		73EF2CE4249B03F700F5EC10 /* RxAppTests.swift */ = {isa = PBXFileReference; lastKnownFileType = sourcecode.swift; path = RxAppTests.swift; sourceTree = "<group>"; };
		73EF2CE6249B03F700F5EC10 /* Info.plist */ = {isa = PBXFileReference; lastKnownFileType = text.plist.xml; path = Info.plist; sourceTree = "<group>"; };
		73EF2CEB249B03F700F5EC10 /* RxAppUITests.xctest */ = {isa = PBXFileReference; explicitFileType = wrapper.cfbundle; includeInIndex = 0; path = RxAppUITests.xctest; sourceTree = BUILT_PRODUCTS_DIR; };
		73EF2CEF249B03F700F5EC10 /* RxAppUITests.swift */ = {isa = PBXFileReference; lastKnownFileType = sourcecode.swift; path = RxAppUITests.swift; sourceTree = "<group>"; };
		73EF2CF1249B03F700F5EC10 /* Info.plist */ = {isa = PBXFileReference; lastKnownFileType = text.plist.xml; path = Info.plist; sourceTree = "<group>"; };
		73EF2CFE249B063D00F5EC10 /* MainCoordinator.swift */ = {isa = PBXFileReference; lastKnownFileType = sourcecode.swift; path = MainCoordinator.swift; sourceTree = "<group>"; };
		73EF2CFF249B063D00F5EC10 /* MainFactory.swift */ = {isa = PBXFileReference; lastKnownFileType = sourcecode.swift; path = MainFactory.swift; sourceTree = "<group>"; };
		73EF2D00249B063D00F5EC10 /* MainPresenter.swift */ = {isa = PBXFileReference; lastKnownFileType = sourcecode.swift; path = MainPresenter.swift; sourceTree = "<group>"; };
		73EF2D01249B063D00F5EC10 /* MainDisplay.swift */ = {isa = PBXFileReference; lastKnownFileType = sourcecode.swift; path = MainDisplay.swift; sourceTree = "<group>"; };
		73EF2D02249B063D00F5EC10 /* MainViewController.swift */ = {isa = PBXFileReference; lastKnownFileType = sourcecode.swift; path = MainViewController.swift; sourceTree = "<group>"; };
		73EF2D03249B063D00F5EC10 /* MainInteractor.swift */ = {isa = PBXFileReference; lastKnownFileType = sourcecode.swift; path = MainInteractor.swift; sourceTree = "<group>"; };
		73EF2D04249B063D00F5EC10 /* MainService.swift */ = {isa = PBXFileReference; lastKnownFileType = sourcecode.swift; path = MainService.swift; sourceTree = "<group>"; };
		73EF2D0C249B076900F5EC10 /* ViewController.swift */ = {isa = PBXFileReference; fileEncoding = 4; lastKnownFileType = sourcecode.swift; path = ViewController.swift; sourceTree = "<group>"; };
		A8670B5D9EECF1ED7538D86A /* Pods-RxApp.release.xcconfig */ = {isa = PBXFileReference; includeInIndex = 1; lastKnownFileType = text.xcconfig; name = "Pods-RxApp.release.xcconfig"; path = "Target Support Files/Pods-RxApp/Pods-RxApp.release.xcconfig"; sourceTree = "<group>"; };
		A892F91208B0AD54F1528B78 /* Pods_RxApp.framework */ = {isa = PBXFileReference; explicitFileType = wrapper.framework; includeInIndex = 0; path = Pods_RxApp.framework; sourceTree = BUILT_PRODUCTS_DIR; };
/* End PBXFileReference section */

/* Begin PBXFrameworksBuildPhase section */
		73EF2CC7249B03F500F5EC10 /* Frameworks */ = {
			isa = PBXFrameworksBuildPhase;
			buildActionMask = 2147483647;
			files = (
				7C8C359B0EAFACF9EB80A40B /* Pods_RxApp.framework in Frameworks */,
			);
			runOnlyForDeploymentPostprocessing = 0;
		};
		73EF2CDD249B03F700F5EC10 /* Frameworks */ = {
			isa = PBXFrameworksBuildPhase;
			buildActionMask = 2147483647;
			files = (
			);
			runOnlyForDeploymentPostprocessing = 0;
		};
		73EF2CE8249B03F700F5EC10 /* Frameworks */ = {
			isa = PBXFrameworksBuildPhase;
			buildActionMask = 2147483647;
			files = (
			);
			runOnlyForDeploymentPostprocessing = 0;
		};
/* End PBXFrameworksBuildPhase section */

/* Begin PBXGroup section */
		737BA7AD249D525200AD2BB2 /* Settings */ = {
			isa = PBXGroup;
			children = (
				737BA7AE249D735800AD2BB2 /* SettingsCoordinator.swift */,
				737BA7AF249D735800AD2BB2 /* SettingsFactory.swift */,
				737BA7B0249D735800AD2BB2 /* SettingsPresenter.swift */,
				737BA7B1249D735800AD2BB2 /* SettingsViewController.swift */,
				737BA7B2249D735800AD2BB2 /* SettingsViewModel.swift */,
				737BA7B3249D735800AD2BB2 /* SettingsService.swift */,
				737BA7BA249D76AE00AD2BB2 /* CustomBackNavigationButton.swift */,
				73E7D08F24A640C6006147C0 /* Andre_CustomBackButton.swift */,
			);
			path = Settings;
			sourceTree = "<group>";
		};
		73EF2CC1249B03F500F5EC10 = {
			isa = PBXGroup;
			children = (
				73EF2CCC249B03F500F5EC10 /* RxApp */,
				73EF2CE3249B03F700F5EC10 /* RxAppTests */,
				73EF2CEE249B03F700F5EC10 /* RxAppUITests */,
				73EF2CCB249B03F500F5EC10 /* Products */,
				867A80AB45AE5FE9B0CA0171 /* Pods */,
				933B17AD54381A7DAFEE8152 /* Frameworks */,
			);
			sourceTree = "<group>";
		};
		73EF2CCB249B03F500F5EC10 /* Products */ = {
			isa = PBXGroup;
			children = (
				73EF2CCA249B03F500F5EC10 /* RxApp.app */,
				73EF2CE0249B03F700F5EC10 /* RxAppTests.xctest */,
				73EF2CEB249B03F700F5EC10 /* RxAppUITests.xctest */,
			);
			name = Products;
			sourceTree = "<group>";
		};
		73EF2CCC249B03F500F5EC10 /* RxApp */ = {
			isa = PBXGroup;
			children = (
				73EF2D0E249B076E00F5EC10 /* Helpers */,
				73EF2CCD249B03F500F5EC10 /* AppDelegate.swift */,
				73EF2CCF249B03F500F5EC10 /* SceneDelegate.swift */,
				737BA7AD249D525200AD2BB2 /* Settings */,
				73EF2CFD249B062E00F5EC10 /* Main */,
				73EF2CD6249B03F700F5EC10 /* Assets.xcassets */,
				73EF2CD8249B03F700F5EC10 /* LaunchScreen.storyboard */,
				73EF2CDB249B03F700F5EC10 /* Info.plist */,
			);
			path = RxApp;
			sourceTree = "<group>";
		};
		73EF2CE3249B03F700F5EC10 /* RxAppTests */ = {
			isa = PBXGroup;
			children = (
				73EF2CE4249B03F700F5EC10 /* RxAppTests.swift */,
				73EF2CE6249B03F700F5EC10 /* Info.plist */,
			);
			path = RxAppTests;
			sourceTree = "<group>";
		};
		73EF2CEE249B03F700F5EC10 /* RxAppUITests */ = {
			isa = PBXGroup;
			children = (
				73EF2CEF249B03F700F5EC10 /* RxAppUITests.swift */,
				73EF2CF1249B03F700F5EC10 /* Info.plist */,
			);
			path = RxAppUITests;
			sourceTree = "<group>";
		};
		73EF2CFD249B062E00F5EC10 /* Main */ = {
			isa = PBXGroup;
			children = (
				73EF2CFE249B063D00F5EC10 /* MainCoordinator.swift */,
				73EF2CFF249B063D00F5EC10 /* MainFactory.swift */,
				73EF2D00249B063D00F5EC10 /* MainPresenter.swift */,
				73EF2D01249B063D00F5EC10 /* MainDisplay.swift */,
				73EF2D02249B063D00F5EC10 /* MainViewController.swift */,
				73EF2D03249B063D00F5EC10 /* MainInteractor.swift */,
				73EF2D04249B063D00F5EC10 /* MainService.swift */,
				73149B5D24F74BB9009BAEA3 /* MainCell.swift */,
			);
			path = Main;
			sourceTree = "<group>";
		};
		73EF2D0E249B076E00F5EC10 /* Helpers */ = {
			isa = PBXGroup;
			children = (
				73EF2D0C249B076900F5EC10 /* ViewController.swift */,
			);
			path = Helpers;
			sourceTree = "<group>";
		};
		867A80AB45AE5FE9B0CA0171 /* Pods */ = {
			isa = PBXGroup;
			children = (
				42089B1525264F23648D7571 /* Pods-RxApp.debug.xcconfig */,
				A8670B5D9EECF1ED7538D86A /* Pods-RxApp.release.xcconfig */,
			);
			path = Pods;
			sourceTree = "<group>";
		};
		933B17AD54381A7DAFEE8152 /* Frameworks */ = {
			isa = PBXGroup;
			children = (
				A892F91208B0AD54F1528B78 /* Pods_RxApp.framework */,
			);
			name = Frameworks;
			sourceTree = "<group>";
		};
/* End PBXGroup section */

/* Begin PBXNativeTarget section */
		73EF2CC9249B03F500F5EC10 /* RxApp */ = {
			isa = PBXNativeTarget;
			buildConfigurationList = 73EF2CF4249B03F700F5EC10 /* Build configuration list for PBXNativeTarget "RxApp" */;
			buildPhases = (
				CC60B46DDC8F1B75243BCFB4 /* [CP] Check Pods Manifest.lock */,
				73EF2CC6249B03F500F5EC10 /* Sources */,
				73EF2CC7249B03F500F5EC10 /* Frameworks */,
				73EF2CC8249B03F500F5EC10 /* Resources */,
				989A4D2D9AB3F957CEB24C2E /* [CP] Embed Pods Frameworks */,
			);
			buildRules = (
			);
			dependencies = (
			);
			name = RxApp;
			productName = RxApp;
			productReference = 73EF2CCA249B03F500F5EC10 /* RxApp.app */;
			productType = "com.apple.product-type.application";
		};
		73EF2CDF249B03F700F5EC10 /* RxAppTests */ = {
			isa = PBXNativeTarget;
			buildConfigurationList = 73EF2CF7249B03F700F5EC10 /* Build configuration list for PBXNativeTarget "RxAppTests" */;
			buildPhases = (
				73EF2CDC249B03F700F5EC10 /* Sources */,
				73EF2CDD249B03F700F5EC10 /* Frameworks */,
				73EF2CDE249B03F700F5EC10 /* Resources */,
			);
			buildRules = (
			);
			dependencies = (
				73EF2CE2249B03F700F5EC10 /* PBXTargetDependency */,
			);
			name = RxAppTests;
			productName = RxAppTests;
			productReference = 73EF2CE0249B03F700F5EC10 /* RxAppTests.xctest */;
			productType = "com.apple.product-type.bundle.unit-test";
		};
		73EF2CEA249B03F700F5EC10 /* RxAppUITests */ = {
			isa = PBXNativeTarget;
			buildConfigurationList = 73EF2CFA249B03F700F5EC10 /* Build configuration list for PBXNativeTarget "RxAppUITests" */;
			buildPhases = (
				73EF2CE7249B03F700F5EC10 /* Sources */,
				73EF2CE8249B03F700F5EC10 /* Frameworks */,
				73EF2CE9249B03F700F5EC10 /* Resources */,
			);
			buildRules = (
			);
			dependencies = (
				73EF2CED249B03F700F5EC10 /* PBXTargetDependency */,
			);
			name = RxAppUITests;
			productName = RxAppUITests;
			productReference = 73EF2CEB249B03F700F5EC10 /* RxAppUITests.xctest */;
			productType = "com.apple.product-type.bundle.ui-testing";
		};
/* End PBXNativeTarget section */

/* Begin PBXProject section */
		73EF2CC2249B03F500F5EC10 /* Project object */ = {
			isa = PBXProject;
			attributes = {
				LastSwiftUpdateCheck = 1150;
				LastUpgradeCheck = 1150;
				ORGANIZATIONNAME = "PicPay Eduardo";
				TargetAttributes = {
					73EF2CC9249B03F500F5EC10 = {
						CreatedOnToolsVersion = 11.5;
					};
					73EF2CDF249B03F700F5EC10 = {
						CreatedOnToolsVersion = 11.5;
						TestTargetID = 73EF2CC9249B03F500F5EC10;
					};
					73EF2CEA249B03F700F5EC10 = {
						CreatedOnToolsVersion = 11.5;
						TestTargetID = 73EF2CC9249B03F500F5EC10;
					};
				};
			};
			buildConfigurationList = 73EF2CC5249B03F500F5EC10 /* Build configuration list for PBXProject "RxApp" */;
			compatibilityVersion = "Xcode 9.3";
			developmentRegion = en;
			hasScannedForEncodings = 0;
			knownRegions = (
				en,
				Base,
			);
			mainGroup = 73EF2CC1249B03F500F5EC10;
			productRefGroup = 73EF2CCB249B03F500F5EC10 /* Products */;
			projectDirPath = "";
			projectRoot = "";
			targets = (
				73EF2CC9249B03F500F5EC10 /* RxApp */,
				73EF2CDF249B03F700F5EC10 /* RxAppTests */,
				73EF2CEA249B03F700F5EC10 /* RxAppUITests */,
			);
		};
/* End PBXProject section */

/* Begin PBXResourcesBuildPhase section */
		73EF2CC8249B03F500F5EC10 /* Resources */ = {
			isa = PBXResourcesBuildPhase;
			buildActionMask = 2147483647;
			files = (
				73EF2CDA249B03F700F5EC10 /* LaunchScreen.storyboard in Resources */,
				73EF2CD7249B03F700F5EC10 /* Assets.xcassets in Resources */,
			);
			runOnlyForDeploymentPostprocessing = 0;
		};
		73EF2CDE249B03F700F5EC10 /* Resources */ = {
			isa = PBXResourcesBuildPhase;
			buildActionMask = 2147483647;
			files = (
			);
			runOnlyForDeploymentPostprocessing = 0;
		};
		73EF2CE9249B03F700F5EC10 /* Resources */ = {
			isa = PBXResourcesBuildPhase;
			buildActionMask = 2147483647;
			files = (
			);
			runOnlyForDeploymentPostprocessing = 0;
		};
/* End PBXResourcesBuildPhase section */

/* Begin PBXShellScriptBuildPhase section */
		989A4D2D9AB3F957CEB24C2E /* [CP] Embed Pods Frameworks */ = {
			isa = PBXShellScriptBuildPhase;
			buildActionMask = 2147483647;
			files = (
			);
			inputFileListPaths = (
				"${PODS_ROOT}/Target Support Files/Pods-RxApp/Pods-RxApp-frameworks-${CONFIGURATION}-input-files.xcfilelist",
			);
			name = "[CP] Embed Pods Frameworks";
			outputFileListPaths = (
				"${PODS_ROOT}/Target Support Files/Pods-RxApp/Pods-RxApp-frameworks-${CONFIGURATION}-output-files.xcfilelist",
			);
			runOnlyForDeploymentPostprocessing = 0;
			shellPath = /bin/sh;
			shellScript = "\"${PODS_ROOT}/Target Support Files/Pods-RxApp/Pods-RxApp-frameworks.sh\"\n";
			showEnvVarsInLog = 0;
		};
		CC60B46DDC8F1B75243BCFB4 /* [CP] Check Pods Manifest.lock */ = {
			isa = PBXShellScriptBuildPhase;
			buildActionMask = 2147483647;
			files = (
			);
			inputFileListPaths = (
			);
			inputPaths = (
				"${PODS_PODFILE_DIR_PATH}/Podfile.lock",
				"${PODS_ROOT}/Manifest.lock",
			);
			name = "[CP] Check Pods Manifest.lock";
			outputFileListPaths = (
			);
			outputPaths = (
				"$(DERIVED_FILE_DIR)/Pods-RxApp-checkManifestLockResult.txt",
			);
			runOnlyForDeploymentPostprocessing = 0;
			shellPath = /bin/sh;
			shellScript = "diff \"${PODS_PODFILE_DIR_PATH}/Podfile.lock\" \"${PODS_ROOT}/Manifest.lock\" > /dev/null\nif [ $? != 0 ] ; then\n    # print error to STDERR\n    echo \"error: The sandbox is not in sync with the Podfile.lock. Run 'pod install' or update your CocoaPods installation.\" >&2\n    exit 1\nfi\n# This output is used by Xcode 'outputs' to avoid re-running this script phase.\necho \"SUCCESS\" > \"${SCRIPT_OUTPUT_FILE_0}\"\n";
			showEnvVarsInLog = 0;
		};
/* End PBXShellScriptBuildPhase section */

/* Begin PBXSourcesBuildPhase section */
		73EF2CC6249B03F500F5EC10 /* Sources */ = {
			isa = PBXSourcesBuildPhase;
			buildActionMask = 2147483647;
			files = (
				73EF2D0D249B076900F5EC10 /* ViewController.swift in Sources */,
				737BA7B5249D735800AD2BB2 /* SettingsFactory.swift in Sources */,
				737BA7B9249D735800AD2BB2 /* SettingsService.swift in Sources */,
				73EF2D07249B063D00F5EC10 /* MainPresenter.swift in Sources */,
				73EF2D05249B063D00F5EC10 /* MainCoordinator.swift in Sources */,
				73EF2CCE249B03F500F5EC10 /* AppDelegate.swift in Sources */,
				737BA7B8249D735800AD2BB2 /* SettingsViewModel.swift in Sources */,
				73E7D09024A640C6006147C0 /* Andre_CustomBackButton.swift in Sources */,
				73149B5E24F74BB9009BAEA3 /* MainCell.swift in Sources */,
				73EF2D08249B063D00F5EC10 /* MainDisplay.swift in Sources */,
				737BA7BB249D76AE00AD2BB2 /* CustomBackNavigationButton.swift in Sources */,
				73EF2D06249B063D00F5EC10 /* MainFactory.swift in Sources */,
				737BA7B6249D735800AD2BB2 /* SettingsPresenter.swift in Sources */,
				73EF2D0B249B063D00F5EC10 /* MainService.swift in Sources */,
				737BA7B7249D735800AD2BB2 /* SettingsViewController.swift in Sources */,
				73EF2CD0249B03F500F5EC10 /* SceneDelegate.swift in Sources */,
				737BA7B4249D735800AD2BB2 /* SettingsCoordinator.swift in Sources */,
				73EF2D09249B063D00F5EC10 /* MainViewController.swift in Sources */,
				73EF2D0A249B063D00F5EC10 /* MainInteractor.swift in Sources */,
			);
			runOnlyForDeploymentPostprocessing = 0;
		};
		73EF2CDC249B03F700F5EC10 /* Sources */ = {
			isa = PBXSourcesBuildPhase;
			buildActionMask = 2147483647;
			files = (
				73EF2CE5249B03F700F5EC10 /* RxAppTests.swift in Sources */,
			);
			runOnlyForDeploymentPostprocessing = 0;
		};
		73EF2CE7249B03F700F5EC10 /* Sources */ = {
			isa = PBXSourcesBuildPhase;
			buildActionMask = 2147483647;
			files = (
				73EF2CF0249B03F700F5EC10 /* RxAppUITests.swift in Sources */,
			);
			runOnlyForDeploymentPostprocessing = 0;
		};
/* End PBXSourcesBuildPhase section */

/* Begin PBXTargetDependency section */
		73EF2CE2249B03F700F5EC10 /* PBXTargetDependency */ = {
			isa = PBXTargetDependency;
			target = 73EF2CC9249B03F500F5EC10 /* RxApp */;
			targetProxy = 73EF2CE1249B03F700F5EC10 /* PBXContainerItemProxy */;
		};
		73EF2CED249B03F700F5EC10 /* PBXTargetDependency */ = {
			isa = PBXTargetDependency;
			target = 73EF2CC9249B03F500F5EC10 /* RxApp */;
			targetProxy = 73EF2CEC249B03F700F5EC10 /* PBXContainerItemProxy */;
		};
/* End PBXTargetDependency section */

/* Begin PBXVariantGroup section */
		73EF2CD8249B03F700F5EC10 /* LaunchScreen.storyboard */ = {
			isa = PBXVariantGroup;
			children = (
				73EF2CD9249B03F700F5EC10 /* Base */,
			);
			name = LaunchScreen.storyboard;
			sourceTree = "<group>";
		};
/* End PBXVariantGroup section */

/* Begin XCBuildConfiguration section */
		73EF2CF2249B03F700F5EC10 /* Debug */ = {
			isa = XCBuildConfiguration;
			buildSettings = {
				ALWAYS_SEARCH_USER_PATHS = NO;
				CLANG_ANALYZER_NONNULL = YES;
				CLANG_ANALYZER_NUMBER_OBJECT_CONVERSION = YES_AGGRESSIVE;
				CLANG_CXX_LANGUAGE_STANDARD = "gnu++14";
				CLANG_CXX_LIBRARY = "libc++";
				CLANG_ENABLE_MODULES = YES;
				CLANG_ENABLE_OBJC_ARC = YES;
				CLANG_ENABLE_OBJC_WEAK = YES;
				CLANG_WARN_BLOCK_CAPTURE_AUTORELEASING = YES;
				CLANG_WARN_BOOL_CONVERSION = YES;
				CLANG_WARN_COMMA = YES;
				CLANG_WARN_CONSTANT_CONVERSION = YES;
				CLANG_WARN_DEPRECATED_OBJC_IMPLEMENTATIONS = YES;
				CLANG_WARN_DIRECT_OBJC_ISA_USAGE = YES_ERROR;
				CLANG_WARN_DOCUMENTATION_COMMENTS = YES;
				CLANG_WARN_EMPTY_BODY = YES;
				CLANG_WARN_ENUM_CONVERSION = YES;
				CLANG_WARN_INFINITE_RECURSION = YES;
				CLANG_WARN_INT_CONVERSION = YES;
				CLANG_WARN_NON_LITERAL_NULL_CONVERSION = YES;
				CLANG_WARN_OBJC_IMPLICIT_RETAIN_SELF = YES;
				CLANG_WARN_OBJC_LITERAL_CONVERSION = YES;
				CLANG_WARN_OBJC_ROOT_CLASS = YES_ERROR;
				CLANG_WARN_RANGE_LOOP_ANALYSIS = YES;
				CLANG_WARN_STRICT_PROTOTYPES = YES;
				CLANG_WARN_SUSPICIOUS_MOVE = YES;
				CLANG_WARN_UNGUARDED_AVAILABILITY = YES_AGGRESSIVE;
				CLANG_WARN_UNREACHABLE_CODE = YES;
				CLANG_WARN__DUPLICATE_METHOD_MATCH = YES;
				COPY_PHASE_STRIP = NO;
				DEBUG_INFORMATION_FORMAT = dwarf;
				ENABLE_STRICT_OBJC_MSGSEND = YES;
				ENABLE_TESTABILITY = YES;
				GCC_C_LANGUAGE_STANDARD = gnu11;
				GCC_DYNAMIC_NO_PIC = NO;
				GCC_NO_COMMON_BLOCKS = YES;
				GCC_OPTIMIZATION_LEVEL = 0;
				GCC_PREPROCESSOR_DEFINITIONS = (
					"DEBUG=1",
					"$(inherited)",
				);
				GCC_WARN_64_TO_32_BIT_CONVERSION = YES;
				GCC_WARN_ABOUT_RETURN_TYPE = YES_ERROR;
				GCC_WARN_UNDECLARED_SELECTOR = YES;
				GCC_WARN_UNINITIALIZED_AUTOS = YES_AGGRESSIVE;
				GCC_WARN_UNUSED_FUNCTION = YES;
				GCC_WARN_UNUSED_VARIABLE = YES;
				IPHONEOS_DEPLOYMENT_TARGET = 13.5;
				MTL_ENABLE_DEBUG_INFO = INCLUDE_SOURCE;
				MTL_FAST_MATH = YES;
				ONLY_ACTIVE_ARCH = YES;
				SDKROOT = iphoneos;
				SWIFT_ACTIVE_COMPILATION_CONDITIONS = DEBUG;
				SWIFT_OPTIMIZATION_LEVEL = "-Onone";
			};
			name = Debug;
		};
		73EF2CF3249B03F700F5EC10 /* Release */ = {
			isa = XCBuildConfiguration;
			buildSettings = {
				ALWAYS_SEARCH_USER_PATHS = NO;
				CLANG_ANALYZER_NONNULL = YES;
				CLANG_ANALYZER_NUMBER_OBJECT_CONVERSION = YES_AGGRESSIVE;
				CLANG_CXX_LANGUAGE_STANDARD = "gnu++14";
				CLANG_CXX_LIBRARY = "libc++";
				CLANG_ENABLE_MODULES = YES;
				CLANG_ENABLE_OBJC_ARC = YES;
				CLANG_ENABLE_OBJC_WEAK = YES;
				CLANG_WARN_BLOCK_CAPTURE_AUTORELEASING = YES;
				CLANG_WARN_BOOL_CONVERSION = YES;
				CLANG_WARN_COMMA = YES;
				CLANG_WARN_CONSTANT_CONVERSION = YES;
				CLANG_WARN_DEPRECATED_OBJC_IMPLEMENTATIONS = YES;
				CLANG_WARN_DIRECT_OBJC_ISA_USAGE = YES_ERROR;
				CLANG_WARN_DOCUMENTATION_COMMENTS = YES;
				CLANG_WARN_EMPTY_BODY = YES;
				CLANG_WARN_ENUM_CONVERSION = YES;
				CLANG_WARN_INFINITE_RECURSION = YES;
				CLANG_WARN_INT_CONVERSION = YES;
				CLANG_WARN_NON_LITERAL_NULL_CONVERSION = YES;
				CLANG_WARN_OBJC_IMPLICIT_RETAIN_SELF = YES;
				CLANG_WARN_OBJC_LITERAL_CONVERSION = YES;
				CLANG_WARN_OBJC_ROOT_CLASS = YES_ERROR;
				CLANG_WARN_RANGE_LOOP_ANALYSIS = YES;
				CLANG_WARN_STRICT_PROTOTYPES = YES;
				CLANG_WARN_SUSPICIOUS_MOVE = YES;
				CLANG_WARN_UNGUARDED_AVAILABILITY = YES_AGGRESSIVE;
				CLANG_WARN_UNREACHABLE_CODE = YES;
				CLANG_WARN__DUPLICATE_METHOD_MATCH = YES;
				COPY_PHASE_STRIP = NO;
				DEBUG_INFORMATION_FORMAT = "dwarf-with-dsym";
				ENABLE_NS_ASSERTIONS = NO;
				ENABLE_STRICT_OBJC_MSGSEND = YES;
				GCC_C_LANGUAGE_STANDARD = gnu11;
				GCC_NO_COMMON_BLOCKS = YES;
				GCC_WARN_64_TO_32_BIT_CONVERSION = YES;
				GCC_WARN_ABOUT_RETURN_TYPE = YES_ERROR;
				GCC_WARN_UNDECLARED_SELECTOR = YES;
				GCC_WARN_UNINITIALIZED_AUTOS = YES_AGGRESSIVE;
				GCC_WARN_UNUSED_FUNCTION = YES;
				GCC_WARN_UNUSED_VARIABLE = YES;
				IPHONEOS_DEPLOYMENT_TARGET = 13.5;
				MTL_ENABLE_DEBUG_INFO = NO;
				MTL_FAST_MATH = YES;
				SDKROOT = iphoneos;
				SWIFT_COMPILATION_MODE = wholemodule;
				SWIFT_OPTIMIZATION_LEVEL = "-O";
				VALIDATE_PRODUCT = YES;
			};
			name = Release;
		};
		73EF2CF5249B03F700F5EC10 /* Debug */ = {
			isa = XCBuildConfiguration;
			baseConfigurationReference = 42089B1525264F23648D7571 /* Pods-RxApp.debug.xcconfig */;
			buildSettings = {
				ASSETCATALOG_COMPILER_APPICON_NAME = AppIcon;
				CODE_SIGN_STYLE = Automatic;
				DEVELOPMENT_TEAM = X3HXSPK27L;
				INFOPLIST_FILE = RxApp/Info.plist;
				LD_RUNPATH_SEARCH_PATHS = (
					"$(inherited)",
					"@executable_path/Frameworks",
				);
				PRODUCT_BUNDLE_IDENTIFIER = com.private.eduardo.RxApp;
				PRODUCT_NAME = "$(TARGET_NAME)";
				SWIFT_VERSION = 5.0;
				TARGETED_DEVICE_FAMILY = "1,2";
			};
			name = Debug;
		};
		73EF2CF6249B03F700F5EC10 /* Release */ = {
			isa = XCBuildConfiguration;
			baseConfigurationReference = A8670B5D9EECF1ED7538D86A /* Pods-RxApp.release.xcconfig */;
			buildSettings = {
				ASSETCATALOG_COMPILER_APPICON_NAME = AppIcon;
				CODE_SIGN_STYLE = Automatic;
				DEVELOPMENT_TEAM = X3HXSPK27L;
				INFOPLIST_FILE = RxApp/Info.plist;
				LD_RUNPATH_SEARCH_PATHS = (
					"$(inherited)",
					"@executable_path/Frameworks",
				);
				PRODUCT_BUNDLE_IDENTIFIER = com.private.eduardo.RxApp;
				PRODUCT_NAME = "$(TARGET_NAME)";
				SWIFT_VERSION = 5.0;
				TARGETED_DEVICE_FAMILY = "1,2";
			};
			name = Release;
		};
		73EF2CF8249B03F700F5EC10 /* Debug */ = {
			isa = XCBuildConfiguration;
			buildSettings = {
				ALWAYS_EMBED_SWIFT_STANDARD_LIBRARIES = YES;
				BUNDLE_LOADER = "$(TEST_HOST)";
				CODE_SIGN_STYLE = Automatic;
				DEVELOPMENT_TEAM = X3HXSPK27L;
				INFOPLIST_FILE = RxAppTests/Info.plist;
				IPHONEOS_DEPLOYMENT_TARGET = 13.5;
				LD_RUNPATH_SEARCH_PATHS = (
					"$(inherited)",
					"@executable_path/Frameworks",
					"@loader_path/Frameworks",
				);
				PRODUCT_BUNDLE_IDENTIFIER = com.private.eduardo.RxAppTests;
				PRODUCT_NAME = "$(TARGET_NAME)";
				SWIFT_VERSION = 5.0;
				TARGETED_DEVICE_FAMILY = "1,2";
				TEST_HOST = "$(BUILT_PRODUCTS_DIR)/RxApp.app/RxApp";
			};
			name = Debug;
		};
		73EF2CF9249B03F700F5EC10 /* Release */ = {
			isa = XCBuildConfiguration;
			buildSettings = {
				ALWAYS_EMBED_SWIFT_STANDARD_LIBRARIES = YES;
				BUNDLE_LOADER = "$(TEST_HOST)";
				CODE_SIGN_STYLE = Automatic;
				DEVELOPMENT_TEAM = X3HXSPK27L;
				INFOPLIST_FILE = RxAppTests/Info.plist;
				IPHONEOS_DEPLOYMENT_TARGET = 13.5;
				LD_RUNPATH_SEARCH_PATHS = (
					"$(inherited)",
					"@executable_path/Frameworks",
					"@loader_path/Frameworks",
				);
				PRODUCT_BUNDLE_IDENTIFIER = com.private.eduardo.RxAppTests;
				PRODUCT_NAME = "$(TARGET_NAME)";
				SWIFT_VERSION = 5.0;
				TARGETED_DEVICE_FAMILY = "1,2";
				TEST_HOST = "$(BUILT_PRODUCTS_DIR)/RxApp.app/RxApp";
			};
			name = Release;
		};
		73EF2CFB249B03F700F5EC10 /* Debug */ = {
			isa = XCBuildConfiguration;
			buildSettings = {
				ALWAYS_EMBED_SWIFT_STANDARD_LIBRARIES = YES;
				CODE_SIGN_STYLE = Automatic;
				DEVELOPMENT_TEAM = X3HXSPK27L;
				INFOPLIST_FILE = RxAppUITests/Info.plist;
				LD_RUNPATH_SEARCH_PATHS = (
					"$(inherited)",
					"@executable_path/Frameworks",
					"@loader_path/Frameworks",
				);
				PRODUCT_BUNDLE_IDENTIFIER = com.private.eduardo.RxAppUITests;
				PRODUCT_NAME = "$(TARGET_NAME)";
				SWIFT_VERSION = 5.0;
				TARGETED_DEVICE_FAMILY = "1,2";
				TEST_TARGET_NAME = RxApp;
			};
			name = Debug;
		};
		73EF2CFC249B03F700F5EC10 /* Release */ = {
			isa = XCBuildConfiguration;
			buildSettings = {
				ALWAYS_EMBED_SWIFT_STANDARD_LIBRARIES = YES;
				CODE_SIGN_STYLE = Automatic;
				DEVELOPMENT_TEAM = X3HXSPK27L;
				INFOPLIST_FILE = RxAppUITests/Info.plist;
				LD_RUNPATH_SEARCH_PATHS = (
					"$(inherited)",
					"@executable_path/Frameworks",
					"@loader_path/Frameworks",
				);
				PRODUCT_BUNDLE_IDENTIFIER = com.private.eduardo.RxAppUITests;
				PRODUCT_NAME = "$(TARGET_NAME)";
				SWIFT_VERSION = 5.0;
				TARGETED_DEVICE_FAMILY = "1,2";
				TEST_TARGET_NAME = RxApp;
			};
			name = Release;
		};
/* End XCBuildConfiguration section */

/* Begin XCConfigurationList section */
		73EF2CC5249B03F500F5EC10 /* Build configuration list for PBXProject "RxApp" */ = {
			isa = XCConfigurationList;
			buildConfigurations = (
				73EF2CF2249B03F700F5EC10 /* Debug */,
				73EF2CF3249B03F700F5EC10 /* Release */,
			);
			defaultConfigurationIsVisible = 0;
			defaultConfigurationName = Release;
		};
		73EF2CF4249B03F700F5EC10 /* Build configuration list for PBXNativeTarget "RxApp" */ = {
			isa = XCConfigurationList;
			buildConfigurations = (
				73EF2CF5249B03F700F5EC10 /* Debug */,
				73EF2CF6249B03F700F5EC10 /* Release */,
			);
			defaultConfigurationIsVisible = 0;
			defaultConfigurationName = Release;
		};
		73EF2CF7249B03F700F5EC10 /* Build configuration list for PBXNativeTarget "RxAppTests" */ = {
			isa = XCConfigurationList;
			buildConfigurations = (
				73EF2CF8249B03F700F5EC10 /* Debug */,
				73EF2CF9249B03F700F5EC10 /* Release */,
			);
			defaultConfigurationIsVisible = 0;
			defaultConfigurationName = Release;
		};
		73EF2CFA249B03F700F5EC10 /* Build configuration list for PBXNativeTarget "RxAppUITests" */ = {
			isa = XCConfigurationList;
			buildConfigurations = (
				73EF2CFB249B03F700F5EC10 /* Debug */,
				73EF2CFC249B03F700F5EC10 /* Release */,
			);
			defaultConfigurationIsVisible = 0;
			defaultConfigurationName = Release;
		};
/* End XCConfigurationList section */
	};
	rootObject = 73EF2CC2249B03F500F5EC10 /* Project object */;
}
