// !$*UTF8*$!
{
	archiveVersion = 1;
	classes = {
	};
	objectVersion = 50;
	objects = {

/* Begin PBXBuildFile section */
		73EF2CCE249B03F500F5EC10 /* AppDelegate.swift in Sources */ = {isa = PBXBuildFile; fileRef = 73EF2CCD249B03F500F5EC10 /* AppDelegate.swift */; };
		73EF2CD0249B03F500F5EC10 /* SceneDelegate.swift in Sources */ = {isa = PBXBuildFile; fileRef = 73EF2CCF249B03F500F5EC10 /* SceneDelegate.swift */; };
		73EF2CD2249B03F500F5EC10 /* ViewController.swift in Sources */ = {isa = PBXBuildFile; fileRef = 73EF2CD1249B03F500F5EC10 /* ViewController.swift */; };
		73EF2CD5249B03F500F5EC10 /* Main.storyboard in Resources */ = {isa = PBXBuildFile; fileRef = 73EF2CD3249B03F500F5EC10 /* Main.storyboard */; };
		73EF2CD7249B03F700F5EC10 /* Assets.xcassets in Resources */ = {isa = PBXBuildFile; fileRef = 73EF2CD6249B03F700F5EC10 /* Assets.xcassets */; };
		73EF2CDA249B03F700F5EC10 /* LaunchScreen.storyboard in Resources */ = {isa = PBXBuildFile; fileRef = 73EF2CD8249B03F700F5EC10 /* LaunchScreen.storyboard */; };
		73EF2CE5249B03F700F5EC10 /* RxAppTests.swift in Sources */ = {isa = PBXBuildFile; fileRef = 73EF2CE4249B03F700F5EC10 /* RxAppTests.swift */; };
		73EF2CF0249B03F700F5EC10 /* RxAppUITests.swift in Sources */ = {isa = PBXBuildFile; fileRef = 73EF2CEF249B03F700F5EC10 /* RxAppUITests.swift */; };
/* End PBXBuildFile section */

/* Begin PBXContainerItemProxy section */
		73EF2CE1249B03F700F5EC10 /* PBXContainerItemProxy */ = {
			isa = PBXContainerItemProxy;
			containerPortal = 73EF2CC2249B03F500F5EC10 /* Project object */;
			proxyType = 1;
			remoteGlobalIDString = 73EF2CC9249B03F500F5EC10;
			remoteInfo = RxApp;
		};
		73EF2CEC249B03F700F5EC10 /* PBXContainerItemProxy */ = {
			isa = PBXContainerItemProxy;
			containerPortal = 73EF2CC2249B03F500F5EC10 /* Project object */;
			proxyType = 1;
			remoteGlobalIDString = 73EF2CC9249B03F500F5EC10;
			remoteInfo = RxApp;
		};
/* End PBXContainerItemProxy section */

/* Begin PBXFileReference section */
		73EF2CCA249B03F500F5EC10 /* RxApp.app */ = {isa = PBXFileReference; explicitFileType = wrapper.application; includeInIndex = 0; path = RxApp.app; sourceTree = BUILT_PRODUCTS_DIR; };
		73EF2CCD249B03F500F5EC10 /* AppDelegate.swift */ = {isa = PBXFileReference; lastKnownFileType = sourcecode.swift; path = AppDelegate.swift; sourceTree = "<group>"; };
		73EF2CCF249B03F500F5EC10 /* SceneDelegate.swift */ = {isa = PBXFileReference; lastKnownFileType = sourcecode.swift; path = SceneDelegate.swift; sourceTree = "<group>"; };
		73EF2CD1249B03F500F5EC10 /* ViewController.swift */ = {isa = PBXFileReference; lastKnownFileType = sourcecode.swift; path = ViewController.swift; sourceTree = "<group>"; };
		73EF2CD4249B03F500F5EC10 /* Base */ = {isa = PBXFileReference; lastKnownFileType = file.storyboard; name = Base; path = Base.lproj/Main.storyboard; sourceTree = "<group>"; };
		73EF2CD6249B03F700F5EC10 /* Assets.xcassets */ = {isa = PBXFileReference; lastKnownFileType = folder.assetcatalog; path = Assets.xcassets; sourceTree = "<group>"; };
		73EF2CD9249B03F700F5EC10 /* Base */ = {isa = PBXFileReference; lastKnownFileType = file.storyboard; name = Base; path = Base.lproj/LaunchScreen.storyboard; sourceTree = "<group>"; };
		73EF2CDB249B03F700F5EC10 /* Info.plist */ = {isa = PBXFileReference; lastKnownFileType = text.plist.xml; path = Info.plist; sourceTree = "<group>"; };
		73EF2CE0249B03F700F5EC10 /* RxAppTests.xctest */ = {isa = PBXFileReference; explicitFileType = wrapper.cfbundle; includeInIndex = 0; path = RxAppTests.xctest; sourceTree = BUILT_PRODUCTS_DIR; };
		73EF2CE4249B03F700F5EC10 /* RxAppTests.swift */ = {isa = PBXFileReference; lastKnownFileType = sourcecode.swift; path = RxAppTests.swift; sourceTree = "<group>"; };
		73EF2CE6249B03F700F5EC10 /* Info.plist */ = {isa = PBXFileReference; lastKnownFileType = text.plist.xml; path = Info.plist; sourceTree = "<group>"; };
		73EF2CEB249B03F700F5EC10 /* RxAppUITests.xctest */ = {isa = PBXFileReference; explicitFileType = wrapper.cfbundle; includeInIndex = 0; path = RxAppUITests.xctest; sourceTree = BUILT_PRODUCTS_DIR; };
		73EF2CEF249B03F700F5EC10 /* RxAppUITests.swift */ = {isa = PBXFileReference; lastKnownFileType = sourcecode.swift; path = RxAppUITests.swift; sourceTree = "<group>"; };
		73EF2CF1249B03F700F5EC10 /* Info.plist */ = {isa = PBXFileReference; lastKnownFileType = text.plist.xml; path = Info.plist; sourceTree = "<group>"; };
/* End PBXFileReference section */

/* Begin PBXFrameworksBuildPhase section */
		73EF2CC7249B03F500F5EC10 /* Frameworks */ = {
			isa = PBXFrameworksBuildPhase;
			buildActionMask = 2147483647;
			files = (
			);
			runOnlyForDeploymentPostprocessing = 0;
		};
		73EF2CDD249B03F700F5EC10 /* Frameworks */ = {
			isa = PBXFrameworksBuildPhase;
			buildActionMask = 2147483647;
			files = (
			);
			runOnlyForDeploymentPostprocessing = 0;
		};
		73EF2CE8249B03F700F5EC10 /* Frameworks */ = {
			isa = PBXFrameworksBuildPhase;
			buildActionMask = 2147483647;
			files = (
			);
			runOnlyForDeploymentPostprocessing = 0;
		};
/* End PBXFrameworksBuildPhase section */

/* Begin PBXGroup section */
		73EF2CC1249B03F500F5EC10 = {
			isa = PBXGroup;
			children = (
				73EF2CCC249B03F500F5EC10 /* RxApp */,
				73EF2CE3249B03F700F5EC10 /* RxAppTests */,
				73EF2CEE249B03F700F5EC10 /* RxAppUITests */,
				73EF2CCB249B03F500F5EC10 /* Products */,
			);
			sourceTree = "<group>";
		};
		73EF2CCB249B03F500F5EC10 /* Products */ = {
			isa = PBXGroup;
			children = (
				73EF2CCA249B03F500F5EC10 /* RxApp.app */,
				73EF2CE0249B03F700F5EC10 /* RxAppTests.xctest */,
				73EF2CEB249B03F700F5EC10 /* RxAppUITests.xctest */,
			);
			name = Products;
			sourceTree = "<group>";
		};
		73EF2CCC249B03F500F5EC10 /* RxApp */ = {
			isa = PBXGroup;
			children = (
				73EF2CCD249B03F500F5EC10 /* AppDelegate.swift */,
				73EF2CCF249B03F500F5EC10 /* SceneDelegate.swift */,
				73EF2CD1249B03F500F5EC10 /* ViewController.swift */,
				73EF2CD3249B03F500F5EC10 /* Main.storyboard */,
				73EF2CD6249B03F700F5EC10 /* Assets.xcassets */,
				73EF2CD8249B03F700F5EC10 /* LaunchScreen.storyboard */,
				73EF2CDB249B03F700F5EC10 /* Info.plist */,
			);
			path = RxApp;
			sourceTree = "<group>";
		};
		73EF2CE3249B03F700F5EC10 /* RxAppTests */ = {
			isa = PBXGroup;
			children = (
				73EF2CE4249B03F700F5EC10 /* RxAppTests.swift */,
				73EF2CE6249B03F700F5EC10 /* Info.plist */,
			);
			path = RxAppTests;
			sourceTree = "<group>";
		};
		73EF2CEE249B03F700F5EC10 /* RxAppUITests */ = {
			isa = PBXGroup;
			children = (
				73EF2CEF249B03F700F5EC10 /* RxAppUITests.swift */,
				73EF2CF1249B03F700F5EC10 /* Info.plist */,
			);
			path = RxAppUITests;
			sourceTree = "<group>";
		};
/* End PBXGroup section */

/* Begin PBXNativeTarget section */
		73EF2CC9249B03F500F5EC10 /* RxApp */ = {
			isa = PBXNativeTarget;
			buildConfigurationList = 73EF2CF4249B03F700F5EC10 /* Build configuration list for PBXNativeTarget "RxApp" */;
			buildPhases = (
				73EF2CC6249B03F500F5EC10 /* Sources */,
				73EF2CC7249B03F500F5EC10 /* Frameworks */,
				73EF2CC8249B03F500F5EC10 /* Resources */,
			);
			buildRules = (
			);
			dependencies = (
			);
			name = RxApp;
			productName = RxApp;
			productReference = 73EF2CCA249B03F500F5EC10 /* RxApp.app */;
			productType = "com.apple.product-type.application";
		};
		73EF2CDF249B03F700F5EC10 /* RxAppTests */ = {
			isa = PBXNativeTarget;
			buildConfigurationList = 73EF2CF7249B03F700F5EC10 /* Build configuration list for PBXNativeTarget "RxAppTests" */;
			buildPhases = (
				73EF2CDC249B03F700F5EC10 /* Sources */,
				73EF2CDD249B03F700F5EC10 /* Frameworks */,
				73EF2CDE249B03F700F5EC10 /* Resources */,
			);
			buildRules = (
			);
			dependencies = (
				73EF2CE2249B03F700F5EC10 /* PBXTargetDependency */,
			);
			name = RxAppTests;
			productName = RxAppTests;
			productReference = 73EF2CE0249B03F700F5EC10 /* RxAppTests.xctest */;
			productType = "com.apple.product-type.bundle.unit-test";
		};
		73EF2CEA249B03F700F5EC10 /* RxAppUITests */ = {
			isa = PBXNativeTarget;
			buildConfigurationList = 73EF2CFA249B03F700F5EC10 /* Build configuration list for PBXNativeTarget "RxAppUITests" */;
			buildPhases = (
				73EF2CE7249B03F700F5EC10 /* Sources */,
				73EF2CE8249B03F700F5EC10 /* Frameworks */,
				73EF2CE9249B03F700F5EC10 /* Resources */,
			);
			buildRules = (
			);
			dependencies = (
				73EF2CED249B03F700F5EC10 /* PBXTargetDependency */,
			);
			name = RxAppUITests;
			productName = RxAppUITests;
			productReference = 73EF2CEB249B03F700F5EC10 /* RxAppUITests.xctest */;
			productType = "com.apple.product-type.bundle.ui-testing";
		};
/* End PBXNativeTarget section */

/* Begin PBXProject section */
		73EF2CC2249B03F500F5EC10 /* Project object */ = {
			isa = PBXProject;
			attributes = {
				LastSwiftUpdateCheck = 1150;
				LastUpgradeCheck = 1150;
				ORGANIZATIONNAME = "PicPay Eduardo";
				TargetAttributes = {
					73EF2CC9249B03F500F5EC10 = {
						CreatedOnToolsVersion = 11.5;
					};
					73EF2CDF249B03F700F5EC10 = {
						CreatedOnToolsVersion = 11.5;
						TestTargetID = 73EF2CC9249B03F500F5EC10;
					};
					73EF2CEA249B03F700F5EC10 = {
						CreatedOnToolsVersion = 11.5;
						TestTargetID = 73EF2CC9249B03F500F5EC10;
					};
				};
			};
			buildConfigurationList = 73EF2CC5249B03F500F5EC10 /* Build configuration list for PBXProject "RxApp" */;
			compatibilityVersion = "Xcode 9.3";
			developmentRegion = en;
			hasScannedForEncodings = 0;
			knownRegions = (
				en,
				Base,
			);
			mainGroup = 73EF2CC1249B03F500F5EC10;
			productRefGroup = 73EF2CCB249B03F500F5EC10 /* Products */;
			projectDirPath = "";
			projectRoot = "";
			targets = (
				73EF2CC9249B03F500F5EC10 /* RxApp */,
				73EF2CDF249B03F700F5EC10 /* RxAppTests */,
				73EF2CEA249B03F700F5EC10 /* RxAppUITests */,
			);
		};
/* End PBXProject section */

/* Begin PBXResourcesBuildPhase section */
		73EF2CC8249B03F500F5EC10 /* Resources */ = {
			isa = PBXResourcesBuildPhase;
			buildActionMask = 2147483647;
			files = (
				73EF2CDA249B03F700F5EC10 /* LaunchScreen.storyboard in Resources */,
				73EF2CD7249B03F700F5EC10 /* Assets.xcassets in Resources */,
				73EF2CD5249B03F500F5EC10 /* Main.storyboard in Resources */,
			);
			runOnlyForDeploymentPostprocessing = 0;
		};
		73EF2CDE249B03F700F5EC10 /* Resources */ = {
			isa = PBXResourcesBuildPhase;
			buildActionMask = 2147483647;
			files = (
			);
			runOnlyForDeploymentPostprocessing = 0;
		};
		73EF2CE9249B03F700F5EC10 /* Resources */ = {
			isa = PBXResourcesBuildPhase;
			buildActionMask = 2147483647;
			files = (
			);
			runOnlyForDeploymentPostprocessing = 0;
		};
/* End PBXResourcesBuildPhase section */

/* Begin PBXSourcesBuildPhase section */
		73EF2CC6249B03F500F5EC10 /* Sources */ = {
			isa = PBXSourcesBuildPhase;
			buildActionMask = 2147483647;
			files = (
				73EF2CD2249B03F500F5EC10 /* ViewController.swift in Sources */,
				73EF2CCE249B03F500F5EC10 /* AppDelegate.swift in Sources */,
				73EF2CD0249B03F500F5EC10 /* SceneDelegate.swift in Sources */,
			);
			runOnlyForDeploymentPostprocessing = 0;
		};
		73EF2CDC249B03F700F5EC10 /* Sources */ = {
			isa = PBXSourcesBuildPhase;
			buildActionMask = 2147483647;
			files = (
				73EF2CE5249B03F700F5EC10 /* RxAppTests.swift in Sources */,
			);
			runOnlyForDeploymentPostprocessing = 0;
		};
		73EF2CE7249B03F700F5EC10 /* Sources */ = {
			isa = PBXSourcesBuildPhase;
			buildActionMask = 2147483647;
			files = (
				73EF2CF0249B03F700F5EC10 /* RxAppUITests.swift in Sources */,
			);
			runOnlyForDeploymentPostprocessing = 0;
		};
/* End PBXSourcesBuildPhase section */

/* Begin PBXTargetDependency section */
		73EF2CE2249B03F700F5EC10 /* PBXTargetDependency */ = {
			isa = PBXTargetDependency;
			target = 73EF2CC9249B03F500F5EC10 /* RxApp */;
			targetProxy = 73EF2CE1249B03F700F5EC10 /* PBXContainerItemProxy */;
		};
		73EF2CED249B03F700F5EC10 /* PBXTargetDependency */ = {
			isa = PBXTargetDependency;
			target = 73EF2CC9249B03F500F5EC10 /* RxApp */;
			targetProxy = 73EF2CEC249B03F700F5EC10 /* PBXContainerItemProxy */;
		};
/* End PBXTargetDependency section */

/* Begin PBXVariantGroup section */
		73EF2CD3249B03F500F5EC10 /* Main.storyboard */ = {
			isa = PBXVariantGroup;
			children = (
				73EF2CD4249B03F500F5EC10 /* Base */,
			);
			name = Main.storyboard;
			sourceTree = "<group>";
		};
		73EF2CD8249B03F700F5EC10 /* LaunchScreen.storyboard */ = {
			isa = PBXVariantGroup;
			children = (
				73EF2CD9249B03F700F5EC10 /* Base */,
			);
			name = LaunchScreen.storyboard;
			sourceTree = "<group>";
		};
/* End PBXVariantGroup section */

/* Begin XCBuildConfiguration section */
		73EF2CF2249B03F700F5EC10 /* Debug */ = {
			isa = XCBuildConfiguration;
			buildSettings = {
				ALWAYS_SEARCH_USER_PATHS = NO;
				CLANG_ANALYZER_NONNULL = YES;
				CLANG_ANALYZER_NUMBER_OBJECT_CONVERSION = YES_AGGRESSIVE;
				CLANG_CXX_LANGUAGE_STANDARD = "gnu++14";
				CLANG_CXX_LIBRARY = "libc++";
				CLANG_ENABLE_MODULES = YES;
				CLANG_ENABLE_OBJC_ARC = YES;
				CLANG_ENABLE_OBJC_WEAK = YES;
				CLANG_WARN_BLOCK_CAPTURE_AUTORELEASING = YES;
				CLANG_WARN_BOOL_CONVERSION = YES;
				CLANG_WARN_COMMA = YES;
				CLANG_WARN_CONSTANT_CONVERSION = YES;
				CLANG_WARN_DEPRECATED_OBJC_IMPLEMENTATIONS = YES;
				CLANG_WARN_DIRECT_OBJC_ISA_USAGE = YES_ERROR;
				CLANG_WARN_DOCUMENTATION_COMMENTS = YES;
				CLANG_WARN_EMPTY_BODY = YES;
				CLANG_WARN_ENUM_CONVERSION = YES;
				CLANG_WARN_INFINITE_RECURSION = YES;
				CLANG_WARN_INT_CONVERSION = YES;
				CLANG_WARN_NON_LITERAL_NULL_CONVERSION = YES;
				CLANG_WARN_OBJC_IMPLICIT_RETAIN_SELF = YES;
				CLANG_WARN_OBJC_LITERAL_CONVERSION = YES;
				CLANG_WARN_OBJC_ROOT_CLASS = YES_ERROR;
				CLANG_WARN_RANGE_LOOP_ANALYSIS = YES;
				CLANG_WARN_STRICT_PROTOTYPES = YES;
				CLANG_WARN_SUSPICIOUS_MOVE = YES;
				CLANG_WARN_UNGUARDED_AVAILABILITY = YES_AGGRESSIVE;
				CLANG_WARN_UNREACHABLE_CODE = YES;
				CLANG_WARN__DUPLICATE_METHOD_MATCH = YES;
				COPY_PHASE_STRIP = NO;
				DEBUG_INFORMATION_FORMAT = dwarf;
				ENABLE_STRICT_OBJC_MSGSEND = YES;
				ENABLE_TESTABILITY = YES;
				GCC_C_LANGUAGE_STANDARD = gnu11;
				GCC_DYNAMIC_NO_PIC = NO;
				GCC_NO_COMMON_BLOCKS = YES;
				GCC_OPTIMIZATION_LEVEL = 0;
				GCC_PREPROCESSOR_DEFINITIONS = (
					"DEBUG=1",
					"$(inherited)",
				);
				GCC_WARN_64_TO_32_BIT_CONVERSION = YES;
				GCC_WARN_ABOUT_RETURN_TYPE = YES_ERROR;
				GCC_WARN_UNDECLARED_SELECTOR = YES;
				GCC_WARN_UNINITIALIZED_AUTOS = YES_AGGRESSIVE;
				GCC_WARN_UNUSED_FUNCTION = YES;
				GCC_WARN_UNUSED_VARIABLE = YES;
				IPHONEOS_DEPLOYMENT_TARGET = 13.5;
				MTL_ENABLE_DEBUG_INFO = INCLUDE_SOURCE;
				MTL_FAST_MATH = YES;
				ONLY_ACTIVE_ARCH = YES;
				SDKROOT = iphoneos;
				SWIFT_ACTIVE_COMPILATION_CONDITIONS = DEBUG;
				SWIFT_OPTIMIZATION_LEVEL = "-Onone";
			};
			name = Debug;
		};
		73EF2CF3249B03F700F5EC10 /* Release */ = {
			isa = XCBuildConfiguration;
			buildSettings = {
				ALWAYS_SEARCH_USER_PATHS = NO;
				CLANG_ANALYZER_NONNULL = YES;
				CLANG_ANALYZER_NUMBER_OBJECT_CONVERSION = YES_AGGRESSIVE;
				CLANG_CXX_LANGUAGE_STANDARD = "gnu++14";
				CLANG_CXX_LIBRARY = "libc++";
				CLANG_ENABLE_MODULES = YES;
				CLANG_ENABLE_OBJC_ARC = YES;
				CLANG_ENABLE_OBJC_WEAK = YES;
				CLANG_WARN_BLOCK_CAPTURE_AUTORELEASING = YES;
				CLANG_WARN_BOOL_CONVERSION = YES;
				CLANG_WARN_COMMA = YES;
				CLANG_WARN_CONSTANT_CONVERSION = YES;
				CLANG_WARN_DEPRECATED_OBJC_IMPLEMENTATIONS = YES;
				CLANG_WARN_DIRECT_OBJC_ISA_USAGE = YES_ERROR;
				CLANG_WARN_DOCUMENTATION_COMMENTS = YES;
				CLANG_WARN_EMPTY_BODY = YES;
				CLANG_WARN_ENUM_CONVERSION = YES;
				CLANG_WARN_INFINITE_RECURSION = YES;
				CLANG_WARN_INT_CONVERSION = YES;
				CLANG_WARN_NON_LITERAL_NULL_CONVERSION = YES;
				CLANG_WARN_OBJC_IMPLICIT_RETAIN_SELF = YES;
				CLANG_WARN_OBJC_LITERAL_CONVERSION = YES;
				CLANG_WARN_OBJC_ROOT_CLASS = YES_ERROR;
				CLANG_WARN_RANGE_LOOP_ANALYSIS = YES;
				CLANG_WARN_STRICT_PROTOTYPES = YES;
				CLANG_WARN_SUSPICIOUS_MOVE = YES;
				CLANG_WARN_UNGUARDED_AVAILABILITY = YES_AGGRESSIVE;
				CLANG_WARN_UNREACHABLE_CODE = YES;
				CLANG_WARN__DUPLICATE_METHOD_MATCH = YES;
				COPY_PHASE_STRIP = NO;
				DEBUG_INFORMATION_FORMAT = "dwarf-with-dsym";
				ENABLE_NS_ASSERTIONS = NO;
				ENABLE_STRICT_OBJC_MSGSEND = YES;
				GCC_C_LANGUAGE_STANDARD = gnu11;
				GCC_NO_COMMON_BLOCKS = YES;
				GCC_WARN_64_TO_32_BIT_CONVERSION = YES;
				GCC_WARN_ABOUT_RETURN_TYPE = YES_ERROR;
				GCC_WARN_UNDECLARED_SELECTOR = YES;
				GCC_WARN_UNINITIALIZED_AUTOS = YES_AGGRESSIVE;
				GCC_WARN_UNUSED_FUNCTION = YES;
				GCC_WARN_UNUSED_VARIABLE = YES;
				IPHONEOS_DEPLOYMENT_TARGET = 13.5;
				MTL_ENABLE_DEBUG_INFO = NO;
				MTL_FAST_MATH = YES;
				SDKROOT = iphoneos;
				SWIFT_COMPILATION_MODE = wholemodule;
				SWIFT_OPTIMIZATION_LEVEL = "-O";
				VALIDATE_PRODUCT = YES;
			};
			name = Release;
		};
		73EF2CF5249B03F700F5EC10 /* Debug */ = {
			isa = XCBuildConfiguration;
			buildSettings = {
				ASSETCATALOG_COMPILER_APPICON_NAME = AppIcon;
				CODE_SIGN_STYLE = Automatic;
				DEVELOPMENT_TEAM = X3HXSPK27L;
				INFOPLIST_FILE = RxApp/Info.plist;
				LD_RUNPATH_SEARCH_PATHS = (
					"$(inherited)",
					"@executable_path/Frameworks",
				);
				PRODUCT_BUNDLE_IDENTIFIER = com.private.eduardo.RxApp;
				PRODUCT_NAME = "$(TARGET_NAME)";
				SWIFT_VERSION = 5.0;
				TARGETED_DEVICE_FAMILY = "1,2";
			};
			name = Debug;
		};
		73EF2CF6249B03F700F5EC10 /* Release */ = {
			isa = XCBuildConfiguration;
			buildSettings = {
				ASSETCATALOG_COMPILER_APPICON_NAME = AppIcon;
				CODE_SIGN_STYLE = Automatic;
				DEVELOPMENT_TEAM = X3HXSPK27L;
				INFOPLIST_FILE = RxApp/Info.plist;
				LD_RUNPATH_SEARCH_PATHS = (
					"$(inherited)",
					"@executable_path/Frameworks",
				);
				PRODUCT_BUNDLE_IDENTIFIER = com.private.eduardo.RxApp;
				PRODUCT_NAME = "$(TARGET_NAME)";
				SWIFT_VERSION = 5.0;
				TARGETED_DEVICE_FAMILY = "1,2";
			};
			name = Release;
		};
		73EF2CF8249B03F700F5EC10 /* Debug */ = {
			isa = XCBuildConfiguration;
			buildSettings = {
				ALWAYS_EMBED_SWIFT_STANDARD_LIBRARIES = YES;
				BUNDLE_LOADER = "$(TEST_HOST)";
				CODE_SIGN_STYLE = Automatic;
				DEVELOPMENT_TEAM = X3HXSPK27L;
				INFOPLIST_FILE = RxAppTests/Info.plist;
				IPHONEOS_DEPLOYMENT_TARGET = 13.5;
				LD_RUNPATH_SEARCH_PATHS = (
					"$(inherited)",
					"@executable_path/Frameworks",
					"@loader_path/Frameworks",
				);
				PRODUCT_BUNDLE_IDENTIFIER = com.private.eduardo.RxAppTests;
				PRODUCT_NAME = "$(TARGET_NAME)";
				SWIFT_VERSION = 5.0;
				TARGETED_DEVICE_FAMILY = "1,2";
				TEST_HOST = "$(BUILT_PRODUCTS_DIR)/RxApp.app/RxApp";
			};
			name = Debug;
		};
		73EF2CF9249B03F700F5EC10 /* Release */ = {
			isa = XCBuildConfiguration;
			buildSettings = {
				ALWAYS_EMBED_SWIFT_STANDARD_LIBRARIES = YES;
				BUNDLE_LOADER = "$(TEST_HOST)";
				CODE_SIGN_STYLE = Automatic;
				DEVELOPMENT_TEAM = X3HXSPK27L;
				INFOPLIST_FILE = RxAppTests/Info.plist;
				IPHONEOS_DEPLOYMENT_TARGET = 13.5;
				LD_RUNPATH_SEARCH_PATHS = (
					"$(inherited)",
					"@executable_path/Frameworks",
					"@loader_path/Frameworks",
				);
				PRODUCT_BUNDLE_IDENTIFIER = com.private.eduardo.RxAppTests;
				PRODUCT_NAME = "$(TARGET_NAME)";
				SWIFT_VERSION = 5.0;
				TARGETED_DEVICE_FAMILY = "1,2";
				TEST_HOST = "$(BUILT_PRODUCTS_DIR)/RxApp.app/RxApp";
			};
			name = Release;
		};
		73EF2CFB249B03F700F5EC10 /* Debug */ = {
			isa = XCBuildConfiguration;
			buildSettings = {
				ALWAYS_EMBED_SWIFT_STANDARD_LIBRARIES = YES;
				CODE_SIGN_STYLE = Automatic;
				DEVELOPMENT_TEAM = X3HXSPK27L;
				INFOPLIST_FILE = RxAppUITests/Info.plist;
				LD_RUNPATH_SEARCH_PATHS = (
					"$(inherited)",
					"@executable_path/Frameworks",
					"@loader_path/Frameworks",
				);
				PRODUCT_BUNDLE_IDENTIFIER = com.private.eduardo.RxAppUITests;
				PRODUCT_NAME = "$(TARGET_NAME)";
				SWIFT_VERSION = 5.0;
				TARGETED_DEVICE_FAMILY = "1,2";
				TEST_TARGET_NAME = RxApp;
			};
			name = Debug;
		};
		73EF2CFC249B03F700F5EC10 /* Release */ = {
			isa = XCBuildConfiguration;
			buildSettings = {
				ALWAYS_EMBED_SWIFT_STANDARD_LIBRARIES = YES;
				CODE_SIGN_STYLE = Automatic;
				DEVELOPMENT_TEAM = X3HXSPK27L;
				INFOPLIST_FILE = RxAppUITests/Info.plist;
				LD_RUNPATH_SEARCH_PATHS = (
					"$(inherited)",
					"@executable_path/Frameworks",
					"@loader_path/Frameworks",
				);
				PRODUCT_BUNDLE_IDENTIFIER = com.private.eduardo.RxAppUITests;
				PRODUCT_NAME = "$(TARGET_NAME)";
				SWIFT_VERSION = 5.0;
				TARGETED_DEVICE_FAMILY = "1,2";
				TEST_TARGET_NAME = RxApp;
			};
			name = Release;
		};
/* End XCBuildConfiguration section */

/* Begin XCConfigurationList section */
		73EF2CC5249B03F500F5EC10 /* Build configuration list for PBXProject "RxApp" */ = {
			isa = XCConfigurationList;
			buildConfigurations = (
				73EF2CF2249B03F700F5EC10 /* Debug */,
				73EF2CF3249B03F700F5EC10 /* Release */,
			);
			defaultConfigurationIsVisible = 0;
			defaultConfigurationName = Release;
		};
		73EF2CF4249B03F700F5EC10 /* Build configuration list for PBXNativeTarget "RxApp" */ = {
			isa = XCConfigurationList;
			buildConfigurations = (
				73EF2CF5249B03F700F5EC10 /* Debug */,
				73EF2CF6249B03F700F5EC10 /* Release */,
			);
			defaultConfigurationIsVisible = 0;
			defaultConfigurationName = Release;
		};
		73EF2CF7249B03F700F5EC10 /* Build configuration list for PBXNativeTarget "RxAppTests" */ = {
			isa = XCConfigurationList;
			buildConfigurations = (
				73EF2CF8249B03F700F5EC10 /* Debug */,
				73EF2CF9249B03F700F5EC10 /* Release */,
			);
			defaultConfigurationIsVisible = 0;
			defaultConfigurationName = Release;
		};
		73EF2CFA249B03F700F5EC10 /* Build configuration list for PBXNativeTarget "RxAppUITests" */ = {
			isa = XCConfigurationList;
			buildConfigurations = (
				73EF2CFB249B03F700F5EC10 /* Debug */,
				73EF2CFC249B03F700F5EC10 /* Release */,
			);
			defaultConfigurationIsVisible = 0;
			defaultConfigurationName = Release;
		};
/* End XCConfigurationList section */
	};
	rootObject = 73EF2CC2249B03F500F5EC10 /* Project object */;
}
